
Microsoft Visual Studio Solution File, Format Version 12.00
# Visual Studio Version 16
VisualStudioVersion = 16.0.29409.12
MinimumVisualStudioVersion = 10.0.40219.1
Project("{FAE04EC0-301F-11D3-BF4B-00C04F79EFBC}") = "WorldCup.TeamManager", "WorldCup.TeamManager\WorldCup.TeamManager.csproj", "{F3AEFB58-9D46-4C76-BCDD-1E6FE22C0E0E}"
EndProject
Project("{FAE04EC0-301F-11D3-BF4B-00C04F79EFBC}") = "WorldCup.TeamManagerTests", "WorldCup.TeamManagerTests\WorldCup.TeamManagerTests.csproj", "{6E2638FC-3A32-481C-B638-1AADAB6D6854}"
EndProject
Global
	GlobalSection(SolutionConfigurationPlatforms) = preSolution
		Debug|Any CPU = Debug|Any CPU
		Release|Any CPU = Release|Any CPU
	EndGlobalSection
	GlobalSection(ProjectConfigurationPlatforms) = postSolution
		{F3AEFB58-9D46-4C76-BCDD-1E6FE22C0E0E}.Debug|Any CPU.ActiveCfg = Debug|Any CPU
		{F3AEFB58-9D46-4C76-BCDD-1E6FE22C0E0E}.Debug|Any CPU.Build.0 = Debug|Any CPU
		{F3AEFB58-9D46-4C76-BCDD-1E6FE22C0E0E}.Release|Any CPU.ActiveCfg = Release|Any CPU
		{F3AEFB58-9D46-4C76-BCDD-1E6FE22C0E0E}.Release|Any CPU.Build.0 = Release|Any CPU
		{6E2638FC-3A32-481C-B638-1AADAB6D6854}.Debug|Any CPU.ActiveCfg = Debug|Any CPU
		{6E2638FC-3A32-481C-B638-1AADAB6D6854}.Debug|Any CPU.Build.0 = Debug|Any CPU
		{6E2638FC-3A32-481C-B638-1AADAB6D6854}.Release|Any CPU.ActiveCfg = Release|Any CPU
		{6E2638FC-3A32-481C-B638-1AADAB6D6854}.Release|Any CPU.Build.0 = Release|Any CPU
	EndGlobalSection
	GlobalSection(SolutionProperties) = preSolution
		HideSolutionNode = FALSE
	EndGlobalSection
	GlobalSection(ExtensibilityGlobals) = postSolution
		SolutionGuid = {935310DF-C957-42AB-9B09-BB9CB3DFA926}
	EndGlobalSection
EndGlobal
